{
  "name": "layout-advenced",
  "version": "1.0.0",
  "lockfileVersion": 1,
  "requires": true,
  "dependencies": {
    "@fancyapps/fancybox": {
      "version": "3.5.7",
      "resolved": "https://registry.npmjs.org/@fancyapps/fancybox/-/fancybox-3.5.7.tgz",
      "integrity": "sha512-rcEtu8t+WnmqIDV/Wfm1yvy/nDdwc7YV25j9HLxGC2/WOsUhk9rcWg2nB8g1BrjRt9zaoADdjHTU6ILYTJzBBg=="
    },
    "bootstrap-sass": {
      "version": "3.4.1",
      "resolved": "https://registry.npmjs.org/bootstrap-sass/-/bootstrap-sass-3.4.1.tgz",
      "integrity": "sha512-p5rxsK/IyEDQm2CwiHxxUi0MZZtvVFbhWmyMOt4lLkA4bujDA1TGoKT0i1FKIWiugAdP+kK8T5KMDFIKQCLYIA=="
    },
    "counterup": {
      "version": "1.0.2",
      "resolved": "https://registry.npmjs.org/counterup/-/counterup-1.0.2.tgz",
      "integrity": "sha1-B9vh5dMYwXAtv/ir4l6aS4Jp3Hg=",
      "requires": {
        "jquery": ">=1.5",
        "waypoints": ">=2.0"
      }
    },
    "jquery": {
      "version": "3.2.1",
      "resolved": "https://registry.npmjs.org/jquery/-/jquery-3.2.1.tgz",
      "integrity": "sha1-XE2d5lKvbNCncBVKYxu6ErAVx4c="
    },
    "jquery-1.10.2": {
      "version": "1.10.2",
      "resolved": "https://registry.npmjs.org/jquery-1.10.2/-/jquery-1.10.2-1.10.2.tgz",
      "integrity": "sha512-2JfnC/6Hrh6VxElZDVo0D5nXbhZGSXrlgpEYaIaHXMiBiSls7wIZspGcOzoQLo/W0PMfb5QXE6otXHIk5TzCqA=="
    },
    "jquery-waypoints": {
      "version": "2.0.3",
      "resolved": "https://registry.npmjs.org/jquery-waypoints/-/jquery-waypoints-2.0.3.tgz",
      "integrity": "sha1-nQf4p1KaG9LmUH/PF08zTVOEBPQ="
    },
    "jquery.countup.js": {
      "version": "1.0.1",
      "resolved": "https://registry.npmjs.org/jquery.countup.js/-/jquery.countup.js-1.0.1.tgz",
      "integrity": "sha1-BSfAHwcRc55HLP0tLS/9Nqs4Xws=",
      "requires": {
        "jquery": "^3.1.1",
        "waypoints": "^4.0.1"
      }
    },
    "waypoints": {
      "version": "4.0.1",
      "resolved": "https://registry.npmjs.org/waypoints/-/waypoints-4.0.1.tgz",
      "integrity": "sha1-CZeaBXOBCylifLpDZqKEoGLsacg="
    }
  }
}
